
Microsoft Visual Studio Solution File, Format Version 12.00
# Visual Studio Version 17
VisualStudioVersion = 17.13.35828.75
MinimumVisualStudioVersion = 10.0.40219.1
Project("{FAE04EC0-301F-11D3-BF4B-00C04F79EFBC}") = "Api", "CoreBackend\Api.csproj", "{D0DC0D73-D7DE-4A1B-9573-CC1BF6C26FA5}"
EndProject
Project("{FAE04EC0-301F-11D3-BF4B-00C04F79EFBC}") = "CoreBackend", "Base\CoreBackend.csproj", "{E3FD56CE-F61E-485D-BEC1-678996686B93}"
EndProject
Global
	GlobalSection(SolutionConfigurationPlatforms) = preSolution
		Debug|Any CPU = Debug|Any CPU
		Release|Any CPU = Release|Any CPU
	EndGlobalSection
	GlobalSection(ProjectConfigurationPlatforms) = postSolution
		{D0DC0D73-D7DE-4A1B-9573-CC1BF6C26FA5}.Debug|Any CPU.ActiveCfg = Debug|Any CPU
		{D0DC0D73-D7DE-4A1B-9573-CC1BF6C26FA5}.Debug|Any CPU.Build.0 = Debug|Any CPU
		{D0DC0D73-D7DE-4A1B-9573-CC1BF6C26FA5}.Release|Any CPU.ActiveCfg = Release|Any CPU
		{D0DC0D73-D7DE-4A1B-9573-CC1BF6C26FA5}.Release|Any CPU.Build.0 = Release|Any CPU
		{E3FD56CE-F61E-485D-BEC1-678996686B93}.Debug|Any CPU.ActiveCfg = Debug|Any CPU
		{E3FD56CE-F61E-485D-BEC1-678996686B93}.Debug|Any CPU.Build.0 = Debug|Any CPU
		{E3FD56CE-F61E-485D-BEC1-678996686B93}.Release|Any CPU.ActiveCfg = Release|Any CPU
		{E3FD56CE-F61E-485D-BEC1-678996686B93}.Release|Any CPU.Build.0 = Release|Any CPU
	EndGlobalSection
	GlobalSection(SolutionProperties) = preSolution
		HideSolutionNode = FALSE
	EndGlobalSection
	GlobalSection(ExtensibilityGlobals) = postSolution
		SolutionGuid = {D71F0A76-BF68-4EAE-AABA-BCDCB9C330D3}
	EndGlobalSection
EndGlobal
